
Microsoft Visual Studio Solution File, Format Version 12.00
# Visual Studio 2012
Project("{2150E333-8FDC-42A3-9474-1A3956D46DE8}") = ".paket", ".paket", "{0A83E402-544A-466C-862D-9014E661C333}"
	ProjectSection(SolutionItems) = preProject
		paket.dependencies = paket.dependencies
		paket.lock = paket.lock
	EndProjectSection
EndProject
Project("{F2A71F9B-5D33-465A-A702-920D77279786}") = "DDDFsharpSample", "DDDFsharpSample.fsproj", "{8F50E8E4-2CE4-49F6-884C-FA4F18C261D7}"
EndProject
Global
	GlobalSection(SolutionConfigurationPlatforms) = preSolution
		Debug|Any CPU = Debug|Any CPU
		Release|Any CPU = Release|Any CPU
	EndGlobalSection
	GlobalSection(ProjectConfigurationPlatforms) = postSolution
		{8F50E8E4-2CE4-49F6-884C-FA4F18C261D7}.Debug|Any CPU.ActiveCfg = Debug|Any CPU
		{8F50E8E4-2CE4-49F6-884C-FA4F18C261D7}.Debug|Any CPU.Build.0 = Debug|Any CPU
		{8F50E8E4-2CE4-49F6-884C-FA4F18C261D7}.Release|Any CPU.ActiveCfg = Release|Any CPU
		{8F50E8E4-2CE4-49F6-884C-FA4F18C261D7}.Release|Any CPU.Build.0 = Release|Any CPU
	EndGlobalSection
	GlobalSection(SolutionProperties) = preSolution
		HideSolutionNode = FALSE
	EndGlobalSection
EndGlobal
